{
  "name": "funky-app",
  "version": "1.0.0",
  "lockfileVersion": 1,
  "requires": true,
  "dependencies": {
    "adjectives": {
      "version": "1.0.1",
      "resolved": "https://registry.npmjs.org/adjectives/-/adjectives-1.0.1.tgz",
      "integrity": "sha1-wJmOkR03kEuh/MbwqJB448OXsSI="
    },
    "animals": {
      "version": "0.0.3",
      "resolved": "https://registry.npmjs.org/animals/-/animals-0.0.3.tgz",
      "integrity": "sha1-9ZmCcFrge4A61yMMN9Hnst6Zr40=",
      "requires": {
        "minimist": "0.2.0",
        "unique-random": "0.1.1"
      }
    },
    "funky-sloth-42": {
      "version": "1.1.0",
      "resolved": "https://registry.npmjs.org/funky-sloth-42/-/funky-sloth-42-1.1.0.tgz",
      "integrity": "sha512-/hAwyVR8Gqqrmhpy/EwKrG48jSyFcXv7rXSQyk1DCG7HXC7chv36CLRXriG2/GGdDiUuq1cHzaMpHqfX2zqwkg==",
      "requires": {
        "adjectives": "1.0.1",
        "animals": "0.0.3",
        "random-number-in-range": "1.0.2"
      }
    },
    "minimist": {
      "version": "0.2.0",
      "resolved": "https://registry.npmjs.org/minimist/-/minimist-0.2.0.tgz",
      "integrity": "sha1-Tf/lJdriuGTGbC4jxicdev3s784="
    },
    "random-number-in-range": {
      "version": "1.0.2",
      "resolved": "https://registry.npmjs.org/random-number-in-range/-/random-number-in-range-1.0.2.tgz",
      "integrity": "sha1-84NjCA/4gxBLdX8nrnk23ii7/o4="
    },
    "unique-random": {
      "version": "0.1.1",
      "resolved": "https://registry.npmjs.org/unique-random/-/unique-random-0.1.1.tgz",
      "integrity": "sha1-xMyqvtqrhTTg9U2vXxB0PuXGkq0="
    }
  }
}
